<?xml version="1.0" encoding="utf-8"?>
<Project ToolsVersion="4.0" xmlns="http://schemas.microsoft.com/developer/msbuild/2003">
  <ItemGroup>
    <Filter Include="Source Files">
      <UniqueIdentifier>{4FC737F1-C7A5-4376-A066-2A32D752A2FF}</UniqueIdentifier>
      <Extensions>cpp;c;cc;cxx;c++;cppm;ixx;def;odl;idl;hpj;bat;asm;asmx</Extensions>
    </Filter>
    <Filter Include="src">
      <UniqueIdentifier>{1ff6f3d0-682b-48ef-85e3-21cab406dbc1}</UniqueIdentifier>
    </Filter>
    <Filter Include="configs">
      <UniqueIdentifier>{95179e5a-f1ca-4045-96e7-2aecde7c0b4c}</UniqueIdentifier>
    </Filter>
    <Filter Include="configs\compiler">
      <UniqueIdentifier>{5a8fe8c7-c549-4abe-bf6e-3d133f181e2f}</UniqueIdentifier>
    </Filter>
    <Filter Include="src\map">
      <UniqueIdentifier>{8a8ff070-d9a6-4a34-87d8-104023a638f5}</UniqueIdentifier>
    </Filter>
    <Filter Include="src\net">
      <UniqueIdentifier>{40577194-c17b-4af9-b85d-6ba88d3a8ae6}</UniqueIdentifier>
    </Filter>
    <Filter Include="src\ui">
      <UniqueIdentifier>{8bae49fb-12d4-45b4-9437-a0ff1c4a0614}</UniqueIdentifier>
    </Filter>
    <Filter Include="src\utility">
      <UniqueIdentifier>{63eb3186-4c57-4812-b672-ba6451d6c440}</UniqueIdentifier>
    </Filter>
    <Filter Include="src\character">
      <UniqueIdentifier>{6d89c497-82e8-43ea-bf8b-e77cc007e16c}</UniqueIdentifier>
    </Filter>
    <Filter Include="src\character\item">
      <UniqueIdentifier>{2e533f93-2b2d-4369-975d-99a426df248c}</UniqueIdentifier>
    </Filter>
    <Filter Include="src\engine">
      <UniqueIdentifier>{c5d74683-3a9f-488d-af75-4c55e7e26473}</UniqueIdentifier>
    </Filter>
    <Filter Include="src\game">
      <UniqueIdentifier>{42090211-a585-4630-bca3-e6092ac44b09}</UniqueIdentifier>
    </Filter>
    <Filter Include="src\ui\dialogs">
      <UniqueIdentifier>{b5821c02-b19e-41d1-b446-5c2b11d29d77}</UniqueIdentifier>
    </Filter>
  </ItemGroup>
  <ItemGroup>
    <None Include="DCO.md">
      <Filter>configs\compiler</Filter>
    </None>
    <None Include="vcpkg.json">
      <Filter>configs\compiler</Filter>
    </None>
    <None Include=".editorconfig">
      <Filter>configs\compiler</Filter>
    </None>
    <None Include=".gitattributes">
      <Filter>configs\compiler</Filter>
    </None>
    <None Include=".gitignore">
      <Filter>configs\compiler</Filter>
    </None>
    <None Include="bin\config.json">
      <Filter>configs\compiler</Filter>
    </None>
  </ItemGroup>
  <ItemGroup>
    <ClCompile Include="src\effect.cpp">
      <Filter>Source Files</Filter>
    </ClCompile>
    <ClCompile Include="src\game.cpp">
      <Filter>Source Files</Filter>
    </ClCompile>
    <ClCompile Include="src\item.cpp">
      <Filter>Source Files</Filter>
    </ClCompile>
    <ClCompile Include="src\item_name.cpp">
      <Filter>Source Files</Filter>
    </ClCompile>
    <ClCompile Include="src\magic.cpp">
      <Filter>Source Files</Filter>
    </ClCompile>
    <ClCompile Include="src\misc.cpp">
      <Filter>Source Files</Filter>
    </ClCompile>
    <ClCompile Include="src\mouse_interface.cpp">
      <Filter>Source Files</Filter>
    </ClCompile>
    <ClCompile Include="src\msg.cpp">
      <Filter>Source Files</Filter>
    </ClCompile>
    <ClCompile Include="src\skill.cpp">
      <Filter>Source Files</Filter>
    </ClCompile>
    <ClCompile Include="src\str_tok.cpp">
      <Filter>Source Files</Filter>
    </ClCompile>
    <ClCompile Include="src\build_item.cpp">
      <Filter>Source Files</Filter>
    </ClCompile>
    <ClCompile Include="src\draw_background.cpp">
      <Filter>src\engine</Filter>
    </ClCompile>
    <ClCompile Include="src\draw_dialogs.cpp">
      <Filter>src\engine</Filter>
    </ClCompile>
    <ClCompile Include="src\draw_objects.cpp">
      <Filter>src\engine</Filter>
    </ClCompile>
    <ClCompile Include="src\draw_objects_sprites.cpp">
      <Filter>src\engine</Filter>
    </ClCompile>
    <ClCompile Include="src\draw_strings.cpp">
      <Filter>src\engine</Filter>
    </ClCompile>
    <ClCompile Include="src\dialog_events.cpp">
      <Filter>src\ui\dialogs</Filter>
    </ClCompile>
    <ClCompile Include="src\message_handlers.cpp">
      <Filter>src\net</Filter>
    </ClCompile>
    <ClCompile Include="src\command_processor.cpp">
      <Filter>src\game</Filter>
    </ClCompile>
    <ClCompile Include="src\helbreath.cpp">
      <Filter>src\game</Filter>
    </ClCompile>
    <ClCompile Include="src\tile.cpp">
      <Filter>src\map</Filter>
    </ClCompile>
    <ClCompile Include="src\tile_spr.cpp">
      <Filter>src\map</Filter>
    </ClCompile>
    <ClCompile Include="src\update_screen.cpp">
      <Filter>src\engine</Filter>
    </ClCompile>
    <ClCompile Include="src\main.cpp">
      <Filter>src</Filter>
    </ClCompile>
    <ClCompile Include="src\sprite.cpp">
      <Filter>src\engine</Filter>
    </ClCompile>
    <ClCompile Include="src\map_data.cpp">
      <Filter>src\map</Filter>
    </ClCompile>
    <ClCompile Include="src\config_reading.cpp">
      <Filter>src\game</Filter>
    </ClCompile>
    <ClCompile Include="src\sockets.cpp">
      <Filter>src\game</Filter>
    </ClCompile>
    <ClCompile Include="src\admin_client.cpp">
      <Filter>src</Filter>
    </ClCompile>
    <ClCompile Include="src\notify_message.cpp">
      <Filter>src\net</Filter>
    </ClCompile>
    <ClCompile Include="src\draw_effects.cpp">
      <Filter>src\engine</Filter>
    </ClCompile>
  </ItemGroup>
  <ItemGroup>
    <ClInclude Include="src\action_id.h">
      <Filter>src\utility</Filter>
    </ClInclude>
    <ClInclude Include="src\build_item.h">
      <Filter>src\utility</Filter>
    </ClInclude>
    <ClInclude Include="src\char_info.h">
      <Filter>src\utility</Filter>
    </ClInclude>
    <ClInclude Include="src\dynamic_object_id.h">
      <Filter>src\utility</Filter>
    </ClInclude>
    <ClInclude Include="src\effect.h">
      <Filter>src\utility</Filter>
    </ClInclude>
    <ClInclude Include="src\game.h">
      <Filter>src\utility</Filter>
    </ClInclude>
    <ClInclude Include="src\global_def.h">
      <Filter>src\utility</Filter>
    </ClInclude>
    <ClInclude Include="src\item.h">
      <Filter>src\utility</Filter>
    </ClInclude>
    <ClInclude Include="src\item_name.h">
      <Filter>src\utility</Filter>
    </ClInclude>
    <ClInclude Include="src\lan_eng.h">
      <Filter>src\utility</Filter>
    </ClInclude>
    <ClInclude Include="src\magic.h">
      <Filter>src\utility</Filter>
    </ClInclude>
    <ClInclude Include="src\misc.h">
      <Filter>src\utility</Filter>
    </ClInclude>
    <ClInclude Include="src\mouse_interface.h">
      <Filter>src\utility</Filter>
    </ClInclude>
    <ClInclude Include="src\msg.h">
      <Filter>src\utility</Filter>
    </ClInclude>
    <ClInclude Include="src\net_messages.h">
      <Filter>src\utility</Filter>
    </ClInclude>
    <ClInclude Include="src\resource.h">
      <Filter>src\utility</Filter>
    </ClInclude>
    <ClInclude Include="src\skill.h">
      <Filter>src\utility</Filter>
    </ClInclude>
    <ClInclude Include="src\sound_id.h">
      <Filter>src\utility</Filter>
    </ClInclude>
    <ClInclude Include="src\str_tok.h">
      <Filter>src\utility</Filter>
    </ClInclude>
    <ClInclude Include="src\tile.h">
      <Filter>src\map</Filter>
    </ClInclude>
    <ClInclude Include="src\tile_spr.h">
      <Filter>src\map</Filter>
    </ClInclude>
    <ClInclude Include="src\sprite.h">
      <Filter>src\engine</Filter>
    </ClInclude>
    <ClInclude Include="src\sprite_id.h">
      <Filter>src\engine</Filter>
    </ClInclude>
    <ClInclude Include="src\map_data.h">
      <Filter>src\map</Filter>
    </ClInclude>
    <ClInclude Include="src\defines.h">
      <Filter>src\utility</Filter>
    </ClInclude>
    <ClInclude Include="src\enums.h">
      <Filter>src\utility</Filter>
    </ClInclude>
    <ClInclude Include="src\fps.h">
      <Filter>src\utility</Filter>
    </ClInclude>
    <ClInclude Include="src\json.hpp">
      <Filter>src\utility</Filter>
    </ClInclude>
    <ClInclude Include="src\streams.h">
      <Filter>src\utility</Filter>
    </ClInclude>
  </ItemGroup>
</Project>